
Microsoft Visual Studio Solution File, Format Version 12.00
# Visual Studio Version 16
VisualStudioVersion = 16.0.30406.217
MinimumVisualStudioVersion = 10.0.40219.1
Project("{FAE04EC0-301F-11D3-BF4B-00C04F79EFBC}") = "CovidAPI", "CovidAPI.csproj", "{CA3B4E27-D032-41CD-ADC9-A91E4496C1CA}"
EndProject
Global
	GlobalSection(SolutionConfigurationPlatforms) = preSolution
		Debug|Any CPU = Debug|Any CPU
		Release|Any CPU = Release|Any CPU
	EndGlobalSection
	GlobalSection(ProjectConfigurationPlatforms) = postSolution
		{CA3B4E27-D032-41CD-ADC9-A91E4496C1CA}.Debug|Any CPU.ActiveCfg = Debug|Any CPU
		{CA3B4E27-D032-41CD-ADC9-A91E4496C1CA}.Debug|Any CPU.Build.0 = Debug|Any CPU
		{CA3B4E27-D032-41CD-ADC9-A91E4496C1CA}.Release|Any CPU.ActiveCfg = Release|Any CPU
		{CA3B4E27-D032-41CD-ADC9-A91E4496C1CA}.Release|Any CPU.Build.0 = Release|Any CPU
	EndGlobalSection
	GlobalSection(SolutionProperties) = preSolution
		HideSolutionNode = FALSE
	EndGlobalSection
	GlobalSection(ExtensibilityGlobals) = postSolution
		SolutionGuid = {743D3A03-F116-47BB-A03B-D6416413F59C}
	EndGlobalSection
EndGlobal
